{
  "name": "@mehul0810/agent-harness",
  "version": "0.1.0",
  "lockfileVersion": 3,
  "requires": true,
  "packages": {
    "": {
      "name": "@mehul0810/agent-harness",
      "version": "0.1.0",
      "license": "MIT",
      "bin": {
        "agent-harness": "bin/agent-harness.js"
      },
      "engines": {
        "node": ">=24 <25"
      }
    }
  }
}
